
Microsoft Visual Studio Solution File, Format Version 12.00
# Visual Studio 14
VisualStudioVersion = 14.0.23107.0
MinimumVisualStudioVersion = 10.0.40219.1
Project("{FAE04EC0-301F-11D3-BF4B-00C04F79EFBC}") = "TrainingSystem", "TrainingSystem\TrainingSystem.csproj", "{AD756D02-D581-46A7-95F5-D908498352D1}"
EndProject
Project("{FAE04EC0-301F-11D3-BF4B-00C04F79EFBC}") = "TrainingSystem.Entities", "TrainingSystem.Entities\TrainingSystem.Entities.csproj", "{06318A23-7DA2-4FC7-AD10-28A1B40E8E8B}"
EndProject
Project("{FAE04EC0-301F-11D3-BF4B-00C04F79EFBC}") = "TrainingSystem.Services", "TrainingSystem.Services\TrainingSystem.Services.csproj", "{FA679F21-9522-4C4D-89EF-820EED2AAF08}"
EndProject
Global
	GlobalSection(SolutionConfigurationPlatforms) = preSolution
		Debug|Any CPU = Debug|Any CPU
		Release|Any CPU = Release|Any CPU
	EndGlobalSection
	GlobalSection(ProjectConfigurationPlatforms) = postSolution
		{AD756D02-D581-46A7-95F5-D908498352D1}.Debug|Any CPU.ActiveCfg = Debug|Any CPU
		{AD756D02-D581-46A7-95F5-D908498352D1}.Debug|Any CPU.Build.0 = Debug|Any CPU
		{AD756D02-D581-46A7-95F5-D908498352D1}.Release|Any CPU.ActiveCfg = Release|Any CPU
		{AD756D02-D581-46A7-95F5-D908498352D1}.Release|Any CPU.Build.0 = Release|Any CPU
		{06318A23-7DA2-4FC7-AD10-28A1B40E8E8B}.Debug|Any CPU.ActiveCfg = Debug|Any CPU
		{06318A23-7DA2-4FC7-AD10-28A1B40E8E8B}.Debug|Any CPU.Build.0 = Debug|Any CPU
		{06318A23-7DA2-4FC7-AD10-28A1B40E8E8B}.Release|Any CPU.ActiveCfg = Release|Any CPU
		{06318A23-7DA2-4FC7-AD10-28A1B40E8E8B}.Release|Any CPU.Build.0 = Release|Any CPU
		{FA679F21-9522-4C4D-89EF-820EED2AAF08}.Debug|Any CPU.ActiveCfg = Debug|Any CPU
		{FA679F21-9522-4C4D-89EF-820EED2AAF08}.Debug|Any CPU.Build.0 = Debug|Any CPU
		{FA679F21-9522-4C4D-89EF-820EED2AAF08}.Release|Any CPU.ActiveCfg = Release|Any CPU
		{FA679F21-9522-4C4D-89EF-820EED2AAF08}.Release|Any CPU.Build.0 = Release|Any CPU
	EndGlobalSection
	GlobalSection(SolutionProperties) = preSolution
		HideSolutionNode = FALSE
	EndGlobalSection
EndGlobal
